// !$*UTF8*$!
{
	archiveVersion = 1;
	classes = {
	};
	objectVersion = 56;
	objects = {

/* Begin PBXBuildFile section */
		6AA85ABE2B5332B0009E6655 /* LanguageSelectionViewController.swift in Sources */ = {isa = PBXBuildFile; fileRef = 6AA85ABD2B5332B0009E6655 /* LanguageSelectionViewController.swift */; };
		6AA85AC02B53A3DC009E6655 /* TranslatorLogic.swift in Sources */ = {isa = PBXBuildFile; fileRef = 6AA85ABF2B53A3DC009E6655 /* TranslatorLogic.swift */; };
		6AE3A5F02B4DD83800B30E10 /* AppDelegate.swift in Sources */ = {isa = PBXBuildFile; fileRef = 6AE3A5EF2B4DD83800B30E10 /* AppDelegate.swift */; };
		6AE3A5F22B4DD83800B30E10 /* SceneDelegate.swift in Sources */ = {isa = PBXBuildFile; fileRef = 6AE3A5F12B4DD83800B30E10 /* SceneDelegate.swift */; };
		6AE3A5F42B4DD83800B30E10 /* ViewController.swift in Sources */ = {isa = PBXBuildFile; fileRef = 6AE3A5F32B4DD83800B30E10 /* ViewController.swift */; };
		6AE3A5F72B4DD83800B30E10 /* Main.storyboard in Resources */ = {isa = PBXBuildFile; fileRef = 6AE3A5F52B4DD83800B30E10 /* Main.storyboard */; };
		6AE3A5F92B4DD84100B30E10 /* Assets.xcassets in Resources */ = {isa = PBXBuildFile; fileRef = 6AE3A5F82B4DD84100B30E10 /* Assets.xcassets */; };
		6AE3A5FC2B4DD84100B30E10 /* LaunchScreen.storyboard in Resources */ = {isa = PBXBuildFile; fileRef = 6AE3A5FA2B4DD84100B30E10 /* LaunchScreen.storyboard */; };
/* End PBXBuildFile section */

/* Begin PBXFileReference section */
		6AA85ABD2B5332B0009E6655 /* LanguageSelectionViewController.swift */ = {isa = PBXFileReference; lastKnownFileType = sourcecode.swift; path = LanguageSelectionViewController.swift; sourceTree = "<group>"; };
		6AA85ABF2B53A3DC009E6655 /* TranslatorLogic.swift */ = {isa = PBXFileReference; lastKnownFileType = sourcecode.swift; path = TranslatorLogic.swift; sourceTree = "<group>"; };
		6AE3A5EC2B4DD83800B30E10 /* Multingo4.app */ = {isa = PBXFileReference; explicitFileType = wrapper.application; includeInIndex = 0; path = Multingo4.app; sourceTree = BUILT_PRODUCTS_DIR; };
		6AE3A5EF2B4DD83800B30E10 /* AppDelegate.swift */ = {isa = PBXFileReference; lastKnownFileType = sourcecode.swift; path = AppDelegate.swift; sourceTree = "<group>"; };
		6AE3A5F12B4DD83800B30E10 /* SceneDelegate.swift */ = {isa = PBXFileReference; lastKnownFileType = sourcecode.swift; path = SceneDelegate.swift; sourceTree = "<group>"; };
		6AE3A5F32B4DD83800B30E10 /* ViewController.swift */ = {isa = PBXFileReference; lastKnownFileType = sourcecode.swift; path = ViewController.swift; sourceTree = "<group>"; };
		6AE3A5F62B4DD83800B30E10 /* Base */ = {isa = PBXFileReference; lastKnownFileType = file.storyboard; name = Base; path = Base.lproj/Main.storyboard; sourceTree = "<group>"; };
		6AE3A5F82B4DD84100B30E10 /* Assets.xcassets */ = {isa = PBXFileReference; lastKnownFileType = folder.assetcatalog; path = Assets.xcassets; sourceTree = "<group>"; };
		6AE3A5FB2B4DD84100B30E10 /* Base */ = {isa = PBXFileReference; lastKnownFileType = file.storyboard; name = Base; path = Base.lproj/LaunchScreen.storyboard; sourceTree = "<group>"; };
		6AE3A5FD2B4DD84100B30E10 /* Info.plist */ = {isa = PBXFileReference; lastKnownFileType = text.plist.xml; path = Info.plist; sourceTree = "<group>"; };
/* End PBXFileReference section */

/* Begin PBXFrameworksBuildPhase section */
		6AE3A5E92B4DD83800B30E10 /* Frameworks */ = {
			isa = PBXFrameworksBuildPhase;
			buildActionMask = 2147483647;
			files = (
			);
			runOnlyForDeploymentPostprocessing = 0;
		};
/* End PBXFrameworksBuildPhase section */

/* Begin PBXGroup section */
		6AE3A5E32B4DD83700B30E10 = {
			isa = PBXGroup;
			children = (
				6AE3A5EE2B4DD83800B30E10 /* Multingo4 */,
				6AE3A5ED2B4DD83800B30E10 /* Products */,
			);
			sourceTree = "<group>";
		};
		6AE3A5ED2B4DD83800B30E10 /* Products */ = {
			isa = PBXGroup;
			children = (
				6AE3A5EC2B4DD83800B30E10 /* Multingo4.app */,
			);
			name = Products;
			sourceTree = "<group>";
		};
		6AE3A5EE2B4DD83800B30E10 /* Multingo4 */ = {
			isa = PBXGroup;
			children = (
				6AE3A5EF2B4DD83800B30E10 /* AppDelegate.swift */,
				6AE3A5F12B4DD83800B30E10 /* SceneDelegate.swift */,
				6AA85ABF2B53A3DC009E6655 /* TranslatorLogic.swift */,
				6AA85ABD2B5332B0009E6655 /* LanguageSelectionViewController.swift */,
				6AE3A5F32B4DD83800B30E10 /* ViewController.swift */,
				6AE3A5F52B4DD83800B30E10 /* Main.storyboard */,
				6AE3A5F82B4DD84100B30E10 /* Assets.xcassets */,
				6AE3A5FA2B4DD84100B30E10 /* LaunchScreen.storyboard */,
				6AE3A5FD2B4DD84100B30E10 /* Info.plist */,
			);
			path = Multingo4;
			sourceTree = "<group>";
		};
/* End PBXGroup section */

/* Begin PBXNativeTarget section */
		6AE3A5EB2B4DD83800B30E10 /* Multingo4 */ = {
			isa = PBXNativeTarget;
			buildConfigurationList = 6AE3A6002B4DD84100B30E10 /* Build configuration list for PBXNativeTarget "Multingo4" */;
			buildPhases = (
				6AE3A5E82B4DD83800B30E10 /* Sources */,
				6AE3A5E92B4DD83800B30E10 /* Frameworks */,
				6AE3A5EA2B4DD83800B30E10 /* Resources */,
			);
			buildRules = (
			);
			dependencies = (
			);
			name = Multingo4;
			productName = Multingo4;
			productReference = 6AE3A5EC2B4DD83800B30E10 /* Multingo4.app */;
			productType = "com.apple.product-type.application";
		};
/* End PBXNativeTarget section */

/* Begin PBXProject section */
		6AE3A5E42B4DD83700B30E10 /* Project object */ = {
			isa = PBXProject;
			attributes = {
				BuildIndependentTargetsInParallel = 1;
				LastSwiftUpdateCheck = 1500;
				LastUpgradeCheck = 1500;
				TargetAttributes = {
					6AE3A5EB2B4DD83800B30E10 = {
						CreatedOnToolsVersion = 15.0;
					};
				};
			};
			buildConfigurationList = 6AE3A5E72B4DD83700B30E10 /* Build configuration list for PBXProject "Multingo4" */;
			compatibilityVersion = "Xcode 14.0";
			developmentRegion = en;
			hasScannedForEncodings = 0;
			knownRegions = (
				en,
				Base,
			);
			mainGroup = 6AE3A5E32B4DD83700B30E10;
			productRefGroup = 6AE3A5ED2B4DD83800B30E10 /* Products */;
			projectDirPath = "";
			projectRoot = "";
			targets = (
				6AE3A5EB2B4DD83800B30E10 /* Multingo4 */,
			);
		};
/* End PBXProject section */

/* Begin PBXResourcesBuildPhase section */
		6AE3A5EA2B4DD83800B30E10 /* Resources */ = {
			isa = PBXResourcesBuildPhase;
			buildActionMask = 2147483647;
			files = (
				6AE3A5FC2B4DD84100B30E10 /* LaunchScreen.storyboard in Resources */,
				6AE3A5F92B4DD84100B30E10 /* Assets.xcassets in Resources */,
				6AE3A5F72B4DD83800B30E10 /* Main.storyboard in Resources */,
			);
			runOnlyForDeploymentPostprocessing = 0;
		};
/* End PBXResourcesBuildPhase section */

/* Begin PBXSourcesBuildPhase section */
		6AE3A5E82B4DD83800B30E10 /* Sources */ = {
			isa = PBXSourcesBuildPhase;
			buildActionMask = 2147483647;
			files = (
				6AE3A5F42B4DD83800B30E10 /* ViewController.swift in Sources */,
				6AA85ABE2B5332B0009E6655 /* LanguageSelectionViewController.swift in Sources */,
				6AA85AC02B53A3DC009E6655 /* TranslatorLogic.swift in Sources */,
				6AE3A5F02B4DD83800B30E10 /* AppDelegate.swift in Sources */,
				6AE3A5F22B4DD83800B30E10 /* SceneDelegate.swift in Sources */,
			);
			runOnlyForDeploymentPostprocessing = 0;
		};
/* End PBXSourcesBuildPhase section */

/* Begin PBXVariantGroup section */
		6AE3A5F52B4DD83800B30E10 /* Main.storyboard */ = {
			isa = PBXVariantGroup;
			children = (
				6AE3A5F62B4DD83800B30E10 /* Base */,
			);
			name = Main.storyboard;
			sourceTree = "<group>";
		};
		6AE3A5FA2B4DD84100B30E10 /* LaunchScreen.storyboard */ = {
			isa = PBXVariantGroup;
			children = (
				6AE3A5FB2B4DD84100B30E10 /* Base */,
			);
			name = LaunchScreen.storyboard;
			sourceTree = "<group>";
		};
/* End PBXVariantGroup section */

/* Begin XCBuildConfiguration section */
		6AE3A5FE2B4DD84100B30E10 /* Debug */ = {
			isa = XCBuildConfiguration;
			buildSettings = {
				ALWAYS_SEARCH_USER_PATHS = NO;
				ASSETCATALOG_COMPILER_GENERATE_SWIFT_ASSET_SYMBOL_EXTENSIONS = YES;
				CLANG_ANALYZER_NONNULL = YES;
				CLANG_ANALYZER_NUMBER_OBJECT_CONVERSION = YES_AGGRESSIVE;
				CLANG_CXX_LANGUAGE_STANDARD = "gnu++20";
				CLANG_ENABLE_MODULES = YES;
				CLANG_ENABLE_OBJC_ARC = YES;
				CLANG_ENABLE_OBJC_WEAK = YES;
				CLANG_WARN_BLOCK_CAPTURE_AUTORELEASING = YES;
				CLANG_WARN_BOOL_CONVERSION = YES;
				CLANG_WARN_COMMA = YES;
				CLANG_WARN_CONSTANT_CONVERSION = YES;
				CLANG_WARN_DEPRECATED_OBJC_IMPLEMENTATIONS = YES;
				CLANG_WARN_DIRECT_OBJC_ISA_USAGE = YES_ERROR;
				CLANG_WARN_DOCUMENTATION_COMMENTS = YES;
				CLANG_WARN_EMPTY_BODY = YES;
				CLANG_WARN_ENUM_CONVERSION = YES;
				CLANG_WARN_INFINITE_RECURSION = YES;
				CLANG_WARN_INT_CONVERSION = YES;
				CLANG_WARN_NON_LITERAL_NULL_CONVERSION = YES;
				CLANG_WARN_OBJC_IMPLICIT_RETAIN_SELF = YES;
				CLANG_WARN_OBJC_LITERAL_CONVERSION = YES;
				CLANG_WARN_OBJC_ROOT_CLASS = YES_ERROR;
				CLANG_WARN_QUOTED_INCLUDE_IN_FRAMEWORK_HEADER = YES;
				CLANG_WARN_RANGE_LOOP_ANALYSIS = YES;
				CLANG_WARN_STRICT_PROTOTYPES = YES;
				CLANG_WARN_SUSPICIOUS_MOVE = YES;
				CLANG_WARN_UNGUARDED_AVAILABILITY = YES_AGGRESSIVE;
				CLANG_WARN_UNREACHABLE_CODE = YES;
				CLANG_WARN__DUPLICATE_METHOD_MATCH = YES;
				COPY_PHASE_STRIP = NO;
				DEBUG_INFORMATION_FORMAT = dwarf;
				ENABLE_STRICT_OBJC_MSGSEND = YES;
				ENABLE_TESTABILITY = YES;
				ENABLE_USER_SCRIPT_SANDBOXING = YES;
				GCC_C_LANGUAGE_STANDARD = gnu17;
				GCC_DYNAMIC_NO_PIC = NO;
				GCC_NO_COMMON_BLOCKS = YES;
				GCC_OPTIMIZATION_LEVEL = 0;
				GCC_PREPROCESSOR_DEFINITIONS = (
					"DEBUG=1",
					"$(inherited)",
				);
				GCC_WARN_64_TO_32_BIT_CONVERSION = YES;
				GCC_WARN_ABOUT_RETURN_TYPE = YES_ERROR;
				GCC_WARN_UNDECLARED_SELECTOR = YES;
				GCC_WARN_UNINITIALIZED_AUTOS = YES_AGGRESSIVE;
				GCC_WARN_UNUSED_FUNCTION = YES;
				GCC_WARN_UNUSED_VARIABLE = YES;
				IPHONEOS_DEPLOYMENT_TARGET = 17.0;
				LOCALIZATION_PREFERS_STRING_CATALOGS = YES;
				MTL_ENABLE_DEBUG_INFO = INCLUDE_SOURCE;
				MTL_FAST_MATH = YES;
				ONLY_ACTIVE_ARCH = YES;
				SDKROOT = iphoneos;
				SWIFT_ACTIVE_COMPILATION_CONDITIONS = "DEBUG $(inherited)";
				SWIFT_OPTIMIZATION_LEVEL = "-Onone";
			};
			name = Debug;
		};
		6AE3A5FF2B4DD84100B30E10 /* Release */ = {
			isa = XCBuildConfiguration;
			buildSettings = {
				ALWAYS_SEARCH_USER_PATHS = NO;
				ASSETCATALOG_COMPILER_GENERATE_SWIFT_ASSET_SYMBOL_EXTENSIONS = YES;
				CLANG_ANALYZER_NONNULL = YES;
				CLANG_ANALYZER_NUMBER_OBJECT_CONVERSION = YES_AGGRESSIVE;
				CLANG_CXX_LANGUAGE_STANDARD = "gnu++20";
				CLANG_ENABLE_MODULES = YES;
				CLANG_ENABLE_OBJC_ARC = YES;
				CLANG_ENABLE_OBJC_WEAK = YES;
				CLANG_WARN_BLOCK_CAPTURE_AUTORELEASING = YES;
				CLANG_WARN_BOOL_CONVERSION = YES;
				CLANG_WARN_COMMA = YES;
				CLANG_WARN_CONSTANT_CONVERSION = YES;
				CLANG_WARN_DEPRECATED_OBJC_IMPLEMENTATIONS = YES;
				CLANG_WARN_DIRECT_OBJC_ISA_USAGE = YES_ERROR;
				CLANG_WARN_DOCUMENTATION_COMMENTS = YES;
				CLANG_WARN_EMPTY_BODY = YES;
				CLANG_WARN_ENUM_CONVERSION = YES;
				CLANG_WARN_INFINITE_RECURSION = YES;
				CLANG_WARN_INT_CONVERSION = YES;
				CLANG_WARN_NON_LITERAL_NULL_CONVERSION = YES;
				CLANG_WARN_OBJC_IMPLICIT_RETAIN_SELF = YES;
				CLANG_WARN_OBJC_LITERAL_CONVERSION = YES;
				CLANG_WARN_OBJC_ROOT_CLASS = YES_ERROR;
				CLANG_WARN_QUOTED_INCLUDE_IN_FRAMEWORK_HEADER = YES;
				CLANG_WARN_RANGE_LOOP_ANALYSIS = YES;
				CLANG_WARN_STRICT_PROTOTYPES = YES;
				CLANG_WARN_SUSPICIOUS_MOVE = YES;
				CLANG_WARN_UNGUARDED_AVAILABILITY = YES_AGGRESSIVE;
				CLANG_WARN_UNREACHABLE_CODE = YES;
				CLANG_WARN__DUPLICATE_METHOD_MATCH = YES;
				COPY_PHASE_STRIP = NO;
				DEBUG_INFORMATION_FORMAT = "dwarf-with-dsym";
				ENABLE_NS_ASSERTIONS = NO;
				ENABLE_STRICT_OBJC_MSGSEND = YES;
				ENABLE_USER_SCRIPT_SANDBOXING = YES;
				GCC_C_LANGUAGE_STANDARD = gnu17;
				GCC_NO_COMMON_BLOCKS = YES;
				GCC_WARN_64_TO_32_BIT_CONVERSION = YES;
				GCC_WARN_ABOUT_RETURN_TYPE = YES_ERROR;
				GCC_WARN_UNDECLARED_SELECTOR = YES;
				GCC_WARN_UNINITIALIZED_AUTOS = YES_AGGRESSIVE;
				GCC_WARN_UNUSED_FUNCTION = YES;
				GCC_WARN_UNUSED_VARIABLE = YES;
				IPHONEOS_DEPLOYMENT_TARGET = 17.0;
				LOCALIZATION_PREFERS_STRING_CATALOGS = YES;
				MTL_ENABLE_DEBUG_INFO = NO;
				MTL_FAST_MATH = YES;
				SDKROOT = iphoneos;
				SWIFT_COMPILATION_MODE = wholemodule;
				VALIDATE_PRODUCT = YES;
			};
			name = Release;
		};
		6AE3A6012B4DD84100B30E10 /* Debug */ = {
			isa = XCBuildConfiguration;
			buildSettings = {
				ASSETCATALOG_COMPILER_APPICON_NAME = AppIcon;
				ASSETCATALOG_COMPILER_GLOBAL_ACCENT_COLOR_NAME = AccentColor;
				CODE_SIGN_STYLE = Automatic;
				CURRENT_PROJECT_VERSION = 1;
				GENERATE_INFOPLIST_FILE = YES;
				INFOPLIST_FILE = Multingo4/Info.plist;
				INFOPLIST_KEY_UIApplicationSupportsIndirectInputEvents = YES;
				INFOPLIST_KEY_UILaunchStoryboardName = LaunchScreen;
				INFOPLIST_KEY_UIMainStoryboardFile = Main;
				INFOPLIST_KEY_UISupportedInterfaceOrientations_iPad = "UIInterfaceOrientationPortrait UIInterfaceOrientationPortraitUpsideDown UIInterfaceOrientationLandscapeLeft UIInterfaceOrientationLandscapeRight";
				INFOPLIST_KEY_UISupportedInterfaceOrientations_iPhone = "UIInterfaceOrientationPortrait UIInterfaceOrientationLandscapeLeft UIInterfaceOrientationLandscapeRight";
				LD_RUNPATH_SEARCH_PATHS = (
					"$(inherited)",
					"@executable_path/Frameworks",
				);
				MARKETING_VERSION = 1.0;
				PRODUCT_BUNDLE_IDENTIFIER = com.lateyco.Multingo4;
				PRODUCT_NAME = "$(TARGET_NAME)";
				SWIFT_EMIT_LOC_STRINGS = YES;
				SWIFT_VERSION = 5.0;
				TARGETED_DEVICE_FAMILY = "1,2";
			};
			name = Debug;
		};
		6AE3A6022B4DD84100B30E10 /* Release */ = {
			isa = XCBuildConfiguration;
			buildSettings = {
				ASSETCATALOG_COMPILER_APPICON_NAME = AppIcon;
				ASSETCATALOG_COMPILER_GLOBAL_ACCENT_COLOR_NAME = AccentColor;
				CODE_SIGN_STYLE = Automatic;
				CURRENT_PROJECT_VERSION = 1;
				GENERATE_INFOPLIST_FILE = YES;
				INFOPLIST_FILE = Multingo4/Info.plist;
				INFOPLIST_KEY_UIApplicationSupportsIndirectInputEvents = YES;
				INFOPLIST_KEY_UILaunchStoryboardName = LaunchScreen;
				INFOPLIST_KEY_UIMainStoryboardFile = Main;
				INFOPLIST_KEY_UISupportedInterfaceOrientations_iPad = "UIInterfaceOrientationPortrait UIInterfaceOrientationPortraitUpsideDown UIInterfaceOrientationLandscapeLeft UIInterfaceOrientationLandscapeRight";
				INFOPLIST_KEY_UISupportedInterfaceOrientations_iPhone = "UIInterfaceOrientationPortrait UIInterfaceOrientationLandscapeLeft UIInterfaceOrientationLandscapeRight";
				LD_RUNPATH_SEARCH_PATHS = (
					"$(inherited)",
					"@executable_path/Frameworks",
				);
				MARKETING_VERSION = 1.0;
				PRODUCT_BUNDLE_IDENTIFIER = com.lateyco.Multingo4;
				PRODUCT_NAME = "$(TARGET_NAME)";
				SWIFT_EMIT_LOC_STRINGS = YES;
				SWIFT_VERSION = 5.0;
				TARGETED_DEVICE_FAMILY = "1,2";
			};
			name = Release;
		};
/* End XCBuildConfiguration section */

/* Begin XCConfigurationList section */
		6AE3A5E72B4DD83700B30E10 /* Build configuration list for PBXProject "Multingo4" */ = {
			isa = XCConfigurationList;
			buildConfigurations = (
				6AE3A5FE2B4DD84100B30E10 /* Debug */,
				6AE3A5FF2B4DD84100B30E10 /* Release */,
			);
			defaultConfigurationIsVisible = 0;
			defaultConfigurationName = Release;
		};
		6AE3A6002B4DD84100B30E10 /* Build configuration list for PBXNativeTarget "Multingo4" */ = {
			isa = XCConfigurationList;
			buildConfigurations = (
				6AE3A6012B4DD84100B30E10 /* Debug */,
				6AE3A6022B4DD84100B30E10 /* Release */,
			);
			defaultConfigurationIsVisible = 0;
			defaultConfigurationName = Release;
		};
/* End XCConfigurationList section */
	};
	rootObject = 6AE3A5E42B4DD83700B30E10 /* Project object */;
}
